
Microsoft Visual Studio Solution File, Format Version 12.00
# Visual Studio 14
VisualStudioVersion = 14.0.23107.0
MinimumVisualStudioVersion = 10.0.40219.1
Project("{E24C65DC-7377-472B-9ABA-BC803B73C61A}") = "CodeMaze", ".", "{671B1113-C689-4DC6-B1A7-B081E3D129BF}"
	ProjectSection(WebsiteProperties) = preProject
		TargetFrameworkMoniker = ".NETFramework,Version%3Dv4.0"
		Debug.AspNetCompiler.VirtualPath = "/localhost_50904"
		Debug.AspNetCompiler.PhysicalPath = "..\..\..\..\source\repos\CodeMaze\"
		Debug.AspNetCompiler.TargetPath = "PrecompiledWeb\localhost_50904\"
		Debug.AspNetCompiler.Updateable = "true"
		Debug.AspNetCompiler.ForceOverwrite = "true"
		Debug.AspNetCompiler.FixedNames = "false"
		Debug.AspNetCompiler.Debug = "True"
		Release.AspNetCompiler.VirtualPath = "/localhost_50904"
		Release.AspNetCompiler.PhysicalPath = "..\..\..\..\source\repos\CodeMaze\"
		Release.AspNetCompiler.TargetPath = "PrecompiledWeb\localhost_50904\"
		Release.AspNetCompiler.Updateable = "true"
		Release.AspNetCompiler.ForceOverwrite = "true"
		Release.AspNetCompiler.FixedNames = "false"
		Release.AspNetCompiler.Debug = "False"
		VWDPort = "50904"
	EndProjectSection
EndProject
Global
	GlobalSection(SolutionConfigurationPlatforms) = preSolution
		Debug|Any CPU = Debug|Any CPU
	EndGlobalSection
	GlobalSection(ProjectConfigurationPlatforms) = postSolution
		{671B1113-C689-4DC6-B1A7-B081E3D129BF}.Debug|Any CPU.ActiveCfg = Debug|Any CPU
		{671B1113-C689-4DC6-B1A7-B081E3D129BF}.Debug|Any CPU.Build.0 = Debug|Any CPU
	EndGlobalSection
	GlobalSection(SolutionProperties) = preSolution
		HideSolutionNode = FALSE
	EndGlobalSection
EndGlobal
